
Microsoft Visual Studio Solution File, Format Version 12.00
# Visual Studio Version 17
VisualStudioVersion = 17.2.32630.192
MinimumVisualStudioVersion = 10.0.40219.1
Project("{FAE04EC0-301F-11D3-BF4B-00C04F79EFBC}") = "TestWebAPiWithXUnitTest", "TestWebAPiWithXUnitTest\TestWebAPiWithXUnitTest.csproj", "{07B3ABD7-E93A-4221-85F9-E5EF3F7E6D05}"
EndProject
Project("{FAE04EC0-301F-11D3-BF4B-00C04F79EFBC}") = "XUnitTestForWebAPI", "XUnitTestForWebAPI\XUnitTestForWebAPI.csproj", "{7A74553C-F691-427D-BF2F-F847914844E6}"
EndProject
Global
	GlobalSection(SolutionConfigurationPlatforms) = preSolution
		Debug|Any CPU = Debug|Any CPU
		Release|Any CPU = Release|Any CPU
	EndGlobalSection
	GlobalSection(ProjectConfigurationPlatforms) = postSolution
		{07B3ABD7-E93A-4221-85F9-E5EF3F7E6D05}.Debug|Any CPU.ActiveCfg = Debug|Any CPU
		{07B3ABD7-E93A-4221-85F9-E5EF3F7E6D05}.Debug|Any CPU.Build.0 = Debug|Any CPU
		{07B3ABD7-E93A-4221-85F9-E5EF3F7E6D05}.Release|Any CPU.ActiveCfg = Release|Any CPU
		{07B3ABD7-E93A-4221-85F9-E5EF3F7E6D05}.Release|Any CPU.Build.0 = Release|Any CPU
		{7A74553C-F691-427D-BF2F-F847914844E6}.Debug|Any CPU.ActiveCfg = Debug|Any CPU
		{7A74553C-F691-427D-BF2F-F847914844E6}.Debug|Any CPU.Build.0 = Debug|Any CPU
		{7A74553C-F691-427D-BF2F-F847914844E6}.Release|Any CPU.ActiveCfg = Release|Any CPU
		{7A74553C-F691-427D-BF2F-F847914844E6}.Release|Any CPU.Build.0 = Release|Any CPU
	EndGlobalSection
	GlobalSection(SolutionProperties) = preSolution
		HideSolutionNode = FALSE
	EndGlobalSection
	GlobalSection(ExtensibilityGlobals) = postSolution
		SolutionGuid = {EB847A6A-729E-492E-B369-E36DEF6BD6DF}
	EndGlobalSection
EndGlobal
