
Microsoft Visual Studio Solution File, Format Version 12.00
# Visual Studio Version 17
VisualStudioVersion = 17.2.32630.192
MinimumVisualStudioVersion = 10.0.40219.1
Project("{FAE04EC0-301F-11D3-BF4B-00C04F79EFBC}") = "ConnectTwoAPI001", "ConnectTwoAPI001\ConnectTwoAPI001.csproj", "{AD62AF4D-9476-452A-B28C-825651D01E57}"
EndProject
Project("{FAE04EC0-301F-11D3-BF4B-00C04F79EFBC}") = "StudentManagementSystem", "StudentManagementSystem\StudentManagementSystem.csproj", "{CFB575CF-E07E-4419-A829-6501BB248327}"
EndProject
Project("{FAE04EC0-301F-11D3-BF4B-00C04F79EFBC}") = "CourseManagementSystem", "CourseManagementSystem\CourseManagementSystem.csproj", "{2DDC9959-0B78-4769-947A-4C53C2678A0E}"
EndProject
Global
	GlobalSection(SolutionConfigurationPlatforms) = preSolution
		Debug|Any CPU = Debug|Any CPU
		Release|Any CPU = Release|Any CPU
	EndGlobalSection
	GlobalSection(ProjectConfigurationPlatforms) = postSolution
		{AD62AF4D-9476-452A-B28C-825651D01E57}.Debug|Any CPU.ActiveCfg = Debug|Any CPU
		{AD62AF4D-9476-452A-B28C-825651D01E57}.Debug|Any CPU.Build.0 = Debug|Any CPU
		{AD62AF4D-9476-452A-B28C-825651D01E57}.Release|Any CPU.ActiveCfg = Release|Any CPU
		{AD62AF4D-9476-452A-B28C-825651D01E57}.Release|Any CPU.Build.0 = Release|Any CPU
		{CFB575CF-E07E-4419-A829-6501BB248327}.Debug|Any CPU.ActiveCfg = Debug|Any CPU
		{CFB575CF-E07E-4419-A829-6501BB248327}.Debug|Any CPU.Build.0 = Debug|Any CPU
		{CFB575CF-E07E-4419-A829-6501BB248327}.Release|Any CPU.ActiveCfg = Release|Any CPU
		{CFB575CF-E07E-4419-A829-6501BB248327}.Release|Any CPU.Build.0 = Release|Any CPU
		{2DDC9959-0B78-4769-947A-4C53C2678A0E}.Debug|Any CPU.ActiveCfg = Debug|Any CPU
		{2DDC9959-0B78-4769-947A-4C53C2678A0E}.Debug|Any CPU.Build.0 = Debug|Any CPU
		{2DDC9959-0B78-4769-947A-4C53C2678A0E}.Release|Any CPU.ActiveCfg = Release|Any CPU
		{2DDC9959-0B78-4769-947A-4C53C2678A0E}.Release|Any CPU.Build.0 = Release|Any CPU
	EndGlobalSection
	GlobalSection(SolutionProperties) = preSolution
		HideSolutionNode = FALSE
	EndGlobalSection
	GlobalSection(ExtensibilityGlobals) = postSolution
		SolutionGuid = {D3483E0C-4722-4527-8B70-4370B1E43129}
	EndGlobalSection
EndGlobal
