
Microsoft Visual Studio Solution File, Format Version 12.00
# Visual Studio Version 17
VisualStudioVersion = 17.2.32630.192
MinimumVisualStudioVersion = 10.0.40219.1
Project("{FAE04EC0-301F-11D3-BF4B-00C04F79EFBC}") = "TestTopicKafkaForNet", "TestTopicKafkaForNet\TestTopicKafkaForNet.csproj", "{FC06DBE1-95B4-49D0-BC9D-375EF72FCDEA}"
EndProject
Project("{FAE04EC0-301F-11D3-BF4B-00C04F79EFBC}") = "TestKafkaConsumer", "TestKafkaConsumer\TestKafkaConsumer.csproj", "{2CACF471-F21F-4F14-941C-DE93AA88C91E}"
EndProject
Global
	GlobalSection(SolutionConfigurationPlatforms) = preSolution
		Debug|Any CPU = Debug|Any CPU
		Release|Any CPU = Release|Any CPU
	EndGlobalSection
	GlobalSection(ProjectConfigurationPlatforms) = postSolution
		{FC06DBE1-95B4-49D0-BC9D-375EF72FCDEA}.Debug|Any CPU.ActiveCfg = Debug|Any CPU
		{FC06DBE1-95B4-49D0-BC9D-375EF72FCDEA}.Debug|Any CPU.Build.0 = Debug|Any CPU
		{FC06DBE1-95B4-49D0-BC9D-375EF72FCDEA}.Release|Any CPU.ActiveCfg = Release|Any CPU
		{FC06DBE1-95B4-49D0-BC9D-375EF72FCDEA}.Release|Any CPU.Build.0 = Release|Any CPU
		{2CACF471-F21F-4F14-941C-DE93AA88C91E}.Debug|Any CPU.ActiveCfg = Debug|Any CPU
		{2CACF471-F21F-4F14-941C-DE93AA88C91E}.Debug|Any CPU.Build.0 = Debug|Any CPU
		{2CACF471-F21F-4F14-941C-DE93AA88C91E}.Release|Any CPU.ActiveCfg = Release|Any CPU
		{2CACF471-F21F-4F14-941C-DE93AA88C91E}.Release|Any CPU.Build.0 = Release|Any CPU
	EndGlobalSection
	GlobalSection(SolutionProperties) = preSolution
		HideSolutionNode = FALSE
	EndGlobalSection
	GlobalSection(ExtensibilityGlobals) = postSolution
		SolutionGuid = {F3C38AF9-F9B8-476B-B8CE-393F31431512}
	EndGlobalSection
EndGlobal
