
Microsoft Visual Studio Solution File, Format Version 12.00
# Visual Studio Version 17
VisualStudioVersion = 17.2.32630.192
MinimumVisualStudioVersion = 10.0.40219.1
Project("{FAE04EC0-301F-11D3-BF4B-00C04F79EFBC}") = "CheckUnitTest", "CheckUnitTest\CheckUnitTest.csproj", "{9851B879-6D58-4231-A641-8D46D4F2CD4E}"
EndProject
Project("{FAE04EC0-301F-11D3-BF4B-00C04F79EFBC}") = "TestProject1", "TestProject1\TestProject1.csproj", "{94030DE0-D668-4F16-A529-A76CD2B1EAE9}"
EndProject
Global
	GlobalSection(SolutionConfigurationPlatforms) = preSolution
		Debug|Any CPU = Debug|Any CPU
		Release|Any CPU = Release|Any CPU
	EndGlobalSection
	GlobalSection(ProjectConfigurationPlatforms) = postSolution
		{9851B879-6D58-4231-A641-8D46D4F2CD4E}.Debug|Any CPU.ActiveCfg = Debug|Any CPU
		{9851B879-6D58-4231-A641-8D46D4F2CD4E}.Debug|Any CPU.Build.0 = Debug|Any CPU
		{9851B879-6D58-4231-A641-8D46D4F2CD4E}.Release|Any CPU.ActiveCfg = Release|Any CPU
		{9851B879-6D58-4231-A641-8D46D4F2CD4E}.Release|Any CPU.Build.0 = Release|Any CPU
		{94030DE0-D668-4F16-A529-A76CD2B1EAE9}.Debug|Any CPU.ActiveCfg = Debug|Any CPU
		{94030DE0-D668-4F16-A529-A76CD2B1EAE9}.Debug|Any CPU.Build.0 = Debug|Any CPU
		{94030DE0-D668-4F16-A529-A76CD2B1EAE9}.Release|Any CPU.ActiveCfg = Release|Any CPU
		{94030DE0-D668-4F16-A529-A76CD2B1EAE9}.Release|Any CPU.Build.0 = Release|Any CPU
	EndGlobalSection
	GlobalSection(SolutionProperties) = preSolution
		HideSolutionNode = FALSE
	EndGlobalSection
	GlobalSection(ExtensibilityGlobals) = postSolution
		SolutionGuid = {237DD01B-84B2-4F56-B546-66AD152C4958}
	EndGlobalSection
EndGlobal
