
Microsoft Visual Studio Solution File, Format Version 12.00
# Visual Studio Version 17
VisualStudioVersion = 17.2.32630.192
MinimumVisualStudioVersion = 10.0.40219.1
Project("{FAE04EC0-301F-11D3-BF4B-00C04F79EFBC}") = "test", "test\test.csproj", "{7D360743-3D63-4643-ADDC-9EF78C8D6574}"
EndProject
Global
	GlobalSection(SolutionConfigurationPlatforms) = preSolution
		Debug|Any CPU = Debug|Any CPU
		Release|Any CPU = Release|Any CPU
	EndGlobalSection
	GlobalSection(ProjectConfigurationPlatforms) = postSolution
		{7D360743-3D63-4643-ADDC-9EF78C8D6574}.Debug|Any CPU.ActiveCfg = Debug|Any CPU
		{7D360743-3D63-4643-ADDC-9EF78C8D6574}.Debug|Any CPU.Build.0 = Debug|Any CPU
		{7D360743-3D63-4643-ADDC-9EF78C8D6574}.Release|Any CPU.ActiveCfg = Release|Any CPU
		{7D360743-3D63-4643-ADDC-9EF78C8D6574}.Release|Any CPU.Build.0 = Release|Any CPU
	EndGlobalSection
	GlobalSection(SolutionProperties) = preSolution
		HideSolutionNode = FALSE
	EndGlobalSection
	GlobalSection(ExtensibilityGlobals) = postSolution
		SolutionGuid = {20D0E796-6F5F-42A5-9E1E-3BFBB65074D9}
	EndGlobalSection
EndGlobal
